
Microsoft Visual Studio Solution File, Format Version 12.00
# Visual Studio 2013
VisualStudioVersion = 12.0.21005.1
MinimumVisualStudioVersion = 10.0.40219.1
Project("{2150E333-8FDC-42A3-9474-1A3956D46DE8}") = "SOLID", "SOLID", "{6E6BD41E-5D9D-47B2-94E4-397ECF78CCD9}"
EndProject
Project("{FAE04EC0-301F-11D3-BF4B-00C04F79EFBC}") = "Single_Responsibility_Principle", "Single_Responsibility_Principle\Single_Responsibility_Principle.csproj", "{88B493B9-C37F-496B-89B9-49570111EA83}"
EndProject
Project("{2150E333-8FDC-42A3-9474-1A3956D46DE8}") = "Single Responsibility Principle", "Single Responsibility Principle", "{96457397-E75F-4D0D-9107-B049B3C5EB1C}"
EndProject
Project("{FAE04EC0-301F-11D3-BF4B-00C04F79EFBC}") = "Example_2", "Example_2\Example_2.csproj", "{549C42A0-F93D-468A-BF8F-1F3555FF6D56}"
EndProject
Project("{FAE04EC0-301F-11D3-BF4B-00C04F79EFBC}") = "Example3", "Example3\Example3.csproj", "{89397A71-A30A-4112-AC2C-3AC2DCF55F7C}"
EndProject
Project("{2150E333-8FDC-42A3-9474-1A3956D46DE8}") = "Open Closed Principle", "Open Closed Principle", "{4D713E0E-7143-41BB-995A-CDD10DE7D6A5}"
EndProject
Project("{FAE04EC0-301F-11D3-BF4B-00C04F79EFBC}") = "Example_1", "Example_1\Example_1.csproj", "{3648795C-3DAD-42C3-B5AB-C0667E410867}"
EndProject
Project("{2150E333-8FDC-42A3-9474-1A3956D46DE8}") = "Liskov Substitution Principle", "Liskov Substitution Principle", "{BA9D24F5-F5FF-4191-B333-1BA77AEEF9BF}"
EndProject
Project("{FAE04EC0-301F-11D3-BF4B-00C04F79EFBC}") = "Liskov_Example_1", "Liskov_Example_1\Liskov_Example_1.csproj", "{4916CC00-6A44-4162-8770-C0AAD4D32D11}"
EndProject
Project("{2150E333-8FDC-42A3-9474-1A3956D46DE8}") = "Interface Segregation Principle", "Interface Segregation Principle", "{5798F4B9-FD62-4C8D-9831-EFFD26193B4B}"
EndProject
Project("{FAE04EC0-301F-11D3-BF4B-00C04F79EFBC}") = "Example__1", "Example__1\Example__1.csproj", "{A5CDAA08-263B-40B4-BCC2-ACCCD59A63E7}"
EndProject
Project("{2150E333-8FDC-42A3-9474-1A3956D46DE8}") = "Depency Inversion Principle", "Depency Inversion Principle", "{39A6DBFD-033B-47F3-BEDB-3E1FEFD331FF}"
EndProject
Project("{FAE04EC0-301F-11D3-BF4B-00C04F79EFBC}") = "Example_1_", "Example_1_\Example_1_.csproj", "{8FD2E86B-7488-4B7D-88DA-597B37AD190D}"
EndProject
Project("{2150E333-8FDC-42A3-9474-1A3956D46DE8}") = "PATTERNS", "PATTERNS", "{99B757C6-AE5C-4296-A6E9-2FFB538B9B89}"
EndProject
Project("{2150E333-8FDC-42A3-9474-1A3956D46DE8}") = "Creational Design Patterns", "Creational Design Patterns", "{190FB47B-DB99-46AE-BA9E-E91EA6BAB194}"
EndProject
Project("{2150E333-8FDC-42A3-9474-1A3956D46DE8}") = "Structural Design Patterns", "Structural Design Patterns", "{7A6C933A-3EEA-48CF-8AF2-631DADF820FA}"
EndProject
Project("{2150E333-8FDC-42A3-9474-1A3956D46DE8}") = "Abstract Factory", "Abstract Factory", "{B2360003-B5E3-434F-940F-F418CB153F13}"
EndProject
Project("{FAE04EC0-301F-11D3-BF4B-00C04F79EFBC}") = "Abstract_Factory", "Abstract_Factory\Abstract_Factory.csproj", "{70D09522-08C0-451B-A9AC-C03F55F9044C}"
EndProject
Project("{FAE04EC0-301F-11D3-BF4B-00C04F79EFBC}") = "AbstractFactory_Example2", "AbstractFactory_Example2\AbstractFactory_Example2.csproj", "{E4E3BFA5-2815-4A3E-826D-144FE0CB4BD4}"
EndProject
Project("{FAE04EC0-301F-11D3-BF4B-00C04F79EFBC}") = "AbstractFactory_Example1", "AbstractFactory_Example1\AbstractFactory_Example1.csproj", "{F0BE3CD7-5269-46FC-B0BC-8DD360025FF9}"
EndProject
Project("{2150E333-8FDC-42A3-9474-1A3956D46DE8}") = "Builder", "Builder", "{930213FA-23DB-4916-9623-936BC2284FC8}"
EndProject
Project("{FAE04EC0-301F-11D3-BF4B-00C04F79EFBC}") = "Builder_Pattern", "Builder_Pattern\Builder_Pattern.csproj", "{0918CA5B-7EE5-48EF-86FC-A172CBFF7061}"
EndProject
Project("{2150E333-8FDC-42A3-9474-1A3956D46DE8}") = "Factory Method", "Factory Method", "{D6701A87-FCD7-46D3-BBE2-69DE6852036E}"
EndProject
Project("{FAE04EC0-301F-11D3-BF4B-00C04F79EFBC}") = "Factory_Method", "Factory_Method\Factory_Method.csproj", "{AC7B936D-6B58-457E-9FB8-E8C9CE2177E7}"
EndProject
Project("{FAE04EC0-301F-11D3-BF4B-00C04F79EFBC}") = "Example_2_FMethod", "Example_2_FMethod\Example_2_FMethod.csproj", "{0F25AD43-7DD7-4A75-B2AC-86C5D6EE5685}"
EndProject
Project("{FAE04EC0-301F-11D3-BF4B-00C04F79EFBC}") = "F_method3", "F_method3\F_method3.csproj", "{93B6908E-D918-4757-B09D-CB39726A9787}"
EndProject
Project("{FAE04EC0-301F-11D3-BF4B-00C04F79EFBC}") = "IceCream", "IceCream\IceCream.csproj", "{A5CB01B5-5E49-4FE6-BAB7-F287B9175755}"
EndProject
Project("{2150E333-8FDC-42A3-9474-1A3956D46DE8}") = "Singleton", "Singleton", "{2BF84F1F-3570-46D1-A16C-41F2F8CD6855}"
EndProject
Project("{FAE04EC0-301F-11D3-BF4B-00C04F79EFBC}") = "Singleton", "Singleton\Singleton.csproj", "{3BD426FD-0710-48A4-B6DA-03A7B4A53868}"
EndProject
Project("{FAE04EC0-301F-11D3-BF4B-00C04F79EFBC}") = "Singleton2", "Singleton2\Singleton2.csproj", "{7F8646C5-A946-481C-A846-A40C0CBBC134}"
EndProject
Project("{2150E333-8FDC-42A3-9474-1A3956D46DE8}") = "Adapter", "Adapter", "{DCF7A67A-AE82-4307-A85C-AEF938CD5C24}"
EndProject
Project("{FAE04EC0-301F-11D3-BF4B-00C04F79EFBC}") = "Adapter1", "Adapter1\Adapter1.csproj", "{3D24B348-5795-4A2E-BDF3-D9D4B3D8D05E}"
EndProject
Project("{FAE04EC0-301F-11D3-BF4B-00C04F79EFBC}") = "Real_world_Adapter", "Real_world_Adapter\Real_world_Adapter.csproj", "{0F55FE6A-C6E4-4AF8-B478-53BD92B71009}"
EndProject
Project("{2150E333-8FDC-42A3-9474-1A3956D46DE8}") = "Composite", "Composite", "{51693DB6-98A5-473F-8445-89692B469863}"
EndProject
Project("{FAE04EC0-301F-11D3-BF4B-00C04F79EFBC}") = "Composite_structural", "Composite_structural\Composite_structural.csproj", "{96CDC9C9-2D5F-47D9-9A89-7D3FF3B183B1}"
EndProject
Project("{FAE04EC0-301F-11D3-BF4B-00C04F79EFBC}") = "jhjhhjjjj", "jhjhhjjjj\jhjhhjjjj.csproj", "{EFBEF06A-A672-4F2E-9579-A0AEF5C3C14C}"
EndProject
Project("{2150E333-8FDC-42A3-9474-1A3956D46DE8}") = "Facade", "Facade", "{EE582DD4-CD10-4AA1-A627-886053616EFF}"
EndProject
Project("{FAE04EC0-301F-11D3-BF4B-00C04F79EFBC}") = "FacadeEXample", "FacadeEXample\FacadeEXample.csproj", "{BBAB433F-A65F-4EB0-A3AF-CD0C42A86FC7}"
EndProject
Project("{FAE04EC0-301F-11D3-BF4B-00C04F79EFBC}") = "FacadeRealWorld", "FacadeRealWorld\FacadeRealWorld.csproj", "{3AE543F7-8C33-4729-9F8A-73FBEEC6A73B}"
EndProject
Project("{2150E333-8FDC-42A3-9474-1A3956D46DE8}") = "Behavioral Patterns", "Behavioral Patterns", "{2C7143D9-542A-4030-9AC8-E6921B392337}"
EndProject
Project("{FAE04EC0-301F-11D3-BF4B-00C04F79EFBC}") = "Chain_Of_Responsibility", "Chain_Of_Responsibility\Chain_Of_Responsibility.csproj", "{EE51F7D3-565B-415C-9BA5-61B9414A0698}"
EndProject
Project("{FAE04EC0-301F-11D3-BF4B-00C04F79EFBC}") = "Template_Method", "Template_Method\Template_Method.csproj", "{01D4C683-0498-47D0-BF9C-A6C194A3EBF5}"
EndProject
Project("{2150E333-8FDC-42A3-9474-1A3956D46DE8}") = "Chain Of Responsiblity", "Chain Of Responsiblity", "{8BA8EC7D-2D2C-4950-ACD0-A1B0852CBEAF}"
EndProject
Project("{2150E333-8FDC-42A3-9474-1A3956D46DE8}") = "Template Method", "Template Method", "{540F4F51-AFB9-4C25-AC95-F7FE5CA152AB}"
EndProject
Project("{FAE04EC0-301F-11D3-BF4B-00C04F79EFBC}") = "TemplateMethodRealWorld", "TemplateMethodRealWorld\TemplateMethodRealWorld.csproj", "{C49BFBAA-504F-4550-B4B0-2124E62787BD}"
EndProject
Global
	GlobalSection(SolutionConfigurationPlatforms) = preSolution
		Debug|Any CPU = Debug|Any CPU
		Release|Any CPU = Release|Any CPU
	EndGlobalSection
	GlobalSection(ProjectConfigurationPlatforms) = postSolution
		{88B493B9-C37F-496B-89B9-49570111EA83}.Debug|Any CPU.ActiveCfg = Debug|Any CPU
		{88B493B9-C37F-496B-89B9-49570111EA83}.Debug|Any CPU.Build.0 = Debug|Any CPU
		{88B493B9-C37F-496B-89B9-49570111EA83}.Release|Any CPU.ActiveCfg = Release|Any CPU
		{88B493B9-C37F-496B-89B9-49570111EA83}.Release|Any CPU.Build.0 = Release|Any CPU
		{549C42A0-F93D-468A-BF8F-1F3555FF6D56}.Debug|Any CPU.ActiveCfg = Debug|Any CPU
		{549C42A0-F93D-468A-BF8F-1F3555FF6D56}.Debug|Any CPU.Build.0 = Debug|Any CPU
		{549C42A0-F93D-468A-BF8F-1F3555FF6D56}.Release|Any CPU.ActiveCfg = Release|Any CPU
		{549C42A0-F93D-468A-BF8F-1F3555FF6D56}.Release|Any CPU.Build.0 = Release|Any CPU
		{89397A71-A30A-4112-AC2C-3AC2DCF55F7C}.Debug|Any CPU.ActiveCfg = Debug|Any CPU
		{89397A71-A30A-4112-AC2C-3AC2DCF55F7C}.Debug|Any CPU.Build.0 = Debug|Any CPU
		{89397A71-A30A-4112-AC2C-3AC2DCF55F7C}.Release|Any CPU.ActiveCfg = Release|Any CPU
		{89397A71-A30A-4112-AC2C-3AC2DCF55F7C}.Release|Any CPU.Build.0 = Release|Any CPU
		{3648795C-3DAD-42C3-B5AB-C0667E410867}.Debug|Any CPU.ActiveCfg = Debug|Any CPU
		{3648795C-3DAD-42C3-B5AB-C0667E410867}.Debug|Any CPU.Build.0 = Debug|Any CPU
		{3648795C-3DAD-42C3-B5AB-C0667E410867}.Release|Any CPU.ActiveCfg = Release|Any CPU
		{3648795C-3DAD-42C3-B5AB-C0667E410867}.Release|Any CPU.Build.0 = Release|Any CPU
		{4916CC00-6A44-4162-8770-C0AAD4D32D11}.Debug|Any CPU.ActiveCfg = Debug|Any CPU
		{4916CC00-6A44-4162-8770-C0AAD4D32D11}.Debug|Any CPU.Build.0 = Debug|Any CPU
		{4916CC00-6A44-4162-8770-C0AAD4D32D11}.Release|Any CPU.ActiveCfg = Release|Any CPU
		{4916CC00-6A44-4162-8770-C0AAD4D32D11}.Release|Any CPU.Build.0 = Release|Any CPU
		{A5CDAA08-263B-40B4-BCC2-ACCCD59A63E7}.Debug|Any CPU.ActiveCfg = Debug|Any CPU
		{A5CDAA08-263B-40B4-BCC2-ACCCD59A63E7}.Debug|Any CPU.Build.0 = Debug|Any CPU
		{A5CDAA08-263B-40B4-BCC2-ACCCD59A63E7}.Release|Any CPU.ActiveCfg = Release|Any CPU
		{A5CDAA08-263B-40B4-BCC2-ACCCD59A63E7}.Release|Any CPU.Build.0 = Release|Any CPU
		{8FD2E86B-7488-4B7D-88DA-597B37AD190D}.Debug|Any CPU.ActiveCfg = Debug|Any CPU
		{8FD2E86B-7488-4B7D-88DA-597B37AD190D}.Debug|Any CPU.Build.0 = Debug|Any CPU
		{8FD2E86B-7488-4B7D-88DA-597B37AD190D}.Release|Any CPU.ActiveCfg = Release|Any CPU
		{8FD2E86B-7488-4B7D-88DA-597B37AD190D}.Release|Any CPU.Build.0 = Release|Any CPU
		{70D09522-08C0-451B-A9AC-C03F55F9044C}.Debug|Any CPU.ActiveCfg = Debug|Any CPU
		{70D09522-08C0-451B-A9AC-C03F55F9044C}.Debug|Any CPU.Build.0 = Debug|Any CPU
		{70D09522-08C0-451B-A9AC-C03F55F9044C}.Release|Any CPU.ActiveCfg = Release|Any CPU
		{70D09522-08C0-451B-A9AC-C03F55F9044C}.Release|Any CPU.Build.0 = Release|Any CPU
		{E4E3BFA5-2815-4A3E-826D-144FE0CB4BD4}.Debug|Any CPU.ActiveCfg = Debug|Any CPU
		{E4E3BFA5-2815-4A3E-826D-144FE0CB4BD4}.Debug|Any CPU.Build.0 = Debug|Any CPU
		{E4E3BFA5-2815-4A3E-826D-144FE0CB4BD4}.Release|Any CPU.ActiveCfg = Release|Any CPU
		{E4E3BFA5-2815-4A3E-826D-144FE0CB4BD4}.Release|Any CPU.Build.0 = Release|Any CPU
		{F0BE3CD7-5269-46FC-B0BC-8DD360025FF9}.Debug|Any CPU.ActiveCfg = Debug|Any CPU
		{F0BE3CD7-5269-46FC-B0BC-8DD360025FF9}.Debug|Any CPU.Build.0 = Debug|Any CPU
		{F0BE3CD7-5269-46FC-B0BC-8DD360025FF9}.Release|Any CPU.ActiveCfg = Release|Any CPU
		{F0BE3CD7-5269-46FC-B0BC-8DD360025FF9}.Release|Any CPU.Build.0 = Release|Any CPU
		{0918CA5B-7EE5-48EF-86FC-A172CBFF7061}.Debug|Any CPU.ActiveCfg = Debug|Any CPU
		{0918CA5B-7EE5-48EF-86FC-A172CBFF7061}.Debug|Any CPU.Build.0 = Debug|Any CPU
		{0918CA5B-7EE5-48EF-86FC-A172CBFF7061}.Release|Any CPU.ActiveCfg = Release|Any CPU
		{0918CA5B-7EE5-48EF-86FC-A172CBFF7061}.Release|Any CPU.Build.0 = Release|Any CPU
		{AC7B936D-6B58-457E-9FB8-E8C9CE2177E7}.Debug|Any CPU.ActiveCfg = Debug|Any CPU
		{AC7B936D-6B58-457E-9FB8-E8C9CE2177E7}.Debug|Any CPU.Build.0 = Debug|Any CPU
		{AC7B936D-6B58-457E-9FB8-E8C9CE2177E7}.Release|Any CPU.ActiveCfg = Release|Any CPU
		{AC7B936D-6B58-457E-9FB8-E8C9CE2177E7}.Release|Any CPU.Build.0 = Release|Any CPU
		{0F25AD43-7DD7-4A75-B2AC-86C5D6EE5685}.Debug|Any CPU.ActiveCfg = Debug|Any CPU
		{0F25AD43-7DD7-4A75-B2AC-86C5D6EE5685}.Debug|Any CPU.Build.0 = Debug|Any CPU
		{0F25AD43-7DD7-4A75-B2AC-86C5D6EE5685}.Release|Any CPU.ActiveCfg = Release|Any CPU
		{0F25AD43-7DD7-4A75-B2AC-86C5D6EE5685}.Release|Any CPU.Build.0 = Release|Any CPU
		{93B6908E-D918-4757-B09D-CB39726A9787}.Debug|Any CPU.ActiveCfg = Debug|Any CPU
		{93B6908E-D918-4757-B09D-CB39726A9787}.Debug|Any CPU.Build.0 = Debug|Any CPU
		{93B6908E-D918-4757-B09D-CB39726A9787}.Release|Any CPU.ActiveCfg = Release|Any CPU
		{93B6908E-D918-4757-B09D-CB39726A9787}.Release|Any CPU.Build.0 = Release|Any CPU
		{A5CB01B5-5E49-4FE6-BAB7-F287B9175755}.Debug|Any CPU.ActiveCfg = Debug|Any CPU
		{A5CB01B5-5E49-4FE6-BAB7-F287B9175755}.Debug|Any CPU.Build.0 = Debug|Any CPU
		{A5CB01B5-5E49-4FE6-BAB7-F287B9175755}.Release|Any CPU.ActiveCfg = Release|Any CPU
		{A5CB01B5-5E49-4FE6-BAB7-F287B9175755}.Release|Any CPU.Build.0 = Release|Any CPU
		{3BD426FD-0710-48A4-B6DA-03A7B4A53868}.Debug|Any CPU.ActiveCfg = Debug|Any CPU
		{3BD426FD-0710-48A4-B6DA-03A7B4A53868}.Debug|Any CPU.Build.0 = Debug|Any CPU
		{3BD426FD-0710-48A4-B6DA-03A7B4A53868}.Release|Any CPU.ActiveCfg = Release|Any CPU
		{3BD426FD-0710-48A4-B6DA-03A7B4A53868}.Release|Any CPU.Build.0 = Release|Any CPU
		{7F8646C5-A946-481C-A846-A40C0CBBC134}.Debug|Any CPU.ActiveCfg = Debug|Any CPU
		{7F8646C5-A946-481C-A846-A40C0CBBC134}.Debug|Any CPU.Build.0 = Debug|Any CPU
		{7F8646C5-A946-481C-A846-A40C0CBBC134}.Release|Any CPU.ActiveCfg = Release|Any CPU
		{7F8646C5-A946-481C-A846-A40C0CBBC134}.Release|Any CPU.Build.0 = Release|Any CPU
		{3D24B348-5795-4A2E-BDF3-D9D4B3D8D05E}.Debug|Any CPU.ActiveCfg = Debug|Any CPU
		{3D24B348-5795-4A2E-BDF3-D9D4B3D8D05E}.Debug|Any CPU.Build.0 = Debug|Any CPU
		{3D24B348-5795-4A2E-BDF3-D9D4B3D8D05E}.Release|Any CPU.ActiveCfg = Release|Any CPU
		{3D24B348-5795-4A2E-BDF3-D9D4B3D8D05E}.Release|Any CPU.Build.0 = Release|Any CPU
		{0F55FE6A-C6E4-4AF8-B478-53BD92B71009}.Debug|Any CPU.ActiveCfg = Debug|Any CPU
		{0F55FE6A-C6E4-4AF8-B478-53BD92B71009}.Debug|Any CPU.Build.0 = Debug|Any CPU
		{0F55FE6A-C6E4-4AF8-B478-53BD92B71009}.Release|Any CPU.ActiveCfg = Release|Any CPU
		{0F55FE6A-C6E4-4AF8-B478-53BD92B71009}.Release|Any CPU.Build.0 = Release|Any CPU
		{96CDC9C9-2D5F-47D9-9A89-7D3FF3B183B1}.Debug|Any CPU.ActiveCfg = Debug|Any CPU
		{96CDC9C9-2D5F-47D9-9A89-7D3FF3B183B1}.Debug|Any CPU.Build.0 = Debug|Any CPU
		{96CDC9C9-2D5F-47D9-9A89-7D3FF3B183B1}.Release|Any CPU.ActiveCfg = Release|Any CPU
		{96CDC9C9-2D5F-47D9-9A89-7D3FF3B183B1}.Release|Any CPU.Build.0 = Release|Any CPU
		{EFBEF06A-A672-4F2E-9579-A0AEF5C3C14C}.Debug|Any CPU.ActiveCfg = Debug|Any CPU
		{EFBEF06A-A672-4F2E-9579-A0AEF5C3C14C}.Debug|Any CPU.Build.0 = Debug|Any CPU
		{EFBEF06A-A672-4F2E-9579-A0AEF5C3C14C}.Release|Any CPU.ActiveCfg = Release|Any CPU
		{EFBEF06A-A672-4F2E-9579-A0AEF5C3C14C}.Release|Any CPU.Build.0 = Release|Any CPU
		{BBAB433F-A65F-4EB0-A3AF-CD0C42A86FC7}.Debug|Any CPU.ActiveCfg = Debug|Any CPU
		{BBAB433F-A65F-4EB0-A3AF-CD0C42A86FC7}.Debug|Any CPU.Build.0 = Debug|Any CPU
		{BBAB433F-A65F-4EB0-A3AF-CD0C42A86FC7}.Release|Any CPU.ActiveCfg = Release|Any CPU
		{BBAB433F-A65F-4EB0-A3AF-CD0C42A86FC7}.Release|Any CPU.Build.0 = Release|Any CPU
		{3AE543F7-8C33-4729-9F8A-73FBEEC6A73B}.Debug|Any CPU.ActiveCfg = Debug|Any CPU
		{3AE543F7-8C33-4729-9F8A-73FBEEC6A73B}.Debug|Any CPU.Build.0 = Debug|Any CPU
		{3AE543F7-8C33-4729-9F8A-73FBEEC6A73B}.Release|Any CPU.ActiveCfg = Release|Any CPU
		{3AE543F7-8C33-4729-9F8A-73FBEEC6A73B}.Release|Any CPU.Build.0 = Release|Any CPU
		{EE51F7D3-565B-415C-9BA5-61B9414A0698}.Debug|Any CPU.ActiveCfg = Debug|Any CPU
		{EE51F7D3-565B-415C-9BA5-61B9414A0698}.Debug|Any CPU.Build.0 = Debug|Any CPU
		{EE51F7D3-565B-415C-9BA5-61B9414A0698}.Release|Any CPU.ActiveCfg = Release|Any CPU
		{EE51F7D3-565B-415C-9BA5-61B9414A0698}.Release|Any CPU.Build.0 = Release|Any CPU
		{01D4C683-0498-47D0-BF9C-A6C194A3EBF5}.Debug|Any CPU.ActiveCfg = Debug|Any CPU
		{01D4C683-0498-47D0-BF9C-A6C194A3EBF5}.Debug|Any CPU.Build.0 = Debug|Any CPU
		{01D4C683-0498-47D0-BF9C-A6C194A3EBF5}.Release|Any CPU.ActiveCfg = Release|Any CPU
		{01D4C683-0498-47D0-BF9C-A6C194A3EBF5}.Release|Any CPU.Build.0 = Release|Any CPU
		{C49BFBAA-504F-4550-B4B0-2124E62787BD}.Debug|Any CPU.ActiveCfg = Debug|Any CPU
		{C49BFBAA-504F-4550-B4B0-2124E62787BD}.Debug|Any CPU.Build.0 = Debug|Any CPU
		{C49BFBAA-504F-4550-B4B0-2124E62787BD}.Release|Any CPU.ActiveCfg = Release|Any CPU
		{C49BFBAA-504F-4550-B4B0-2124E62787BD}.Release|Any CPU.Build.0 = Release|Any CPU
	EndGlobalSection
	GlobalSection(SolutionProperties) = preSolution
		HideSolutionNode = FALSE
	EndGlobalSection
	GlobalSection(NestedProjects) = preSolution
		{96457397-E75F-4D0D-9107-B049B3C5EB1C} = {6E6BD41E-5D9D-47B2-94E4-397ECF78CCD9}
		{4D713E0E-7143-41BB-995A-CDD10DE7D6A5} = {6E6BD41E-5D9D-47B2-94E4-397ECF78CCD9}
		{BA9D24F5-F5FF-4191-B333-1BA77AEEF9BF} = {6E6BD41E-5D9D-47B2-94E4-397ECF78CCD9}
		{5798F4B9-FD62-4C8D-9831-EFFD26193B4B} = {6E6BD41E-5D9D-47B2-94E4-397ECF78CCD9}
		{39A6DBFD-033B-47F3-BEDB-3E1FEFD331FF} = {6E6BD41E-5D9D-47B2-94E4-397ECF78CCD9}
		{88B493B9-C37F-496B-89B9-49570111EA83} = {96457397-E75F-4D0D-9107-B049B3C5EB1C}
		{549C42A0-F93D-468A-BF8F-1F3555FF6D56} = {96457397-E75F-4D0D-9107-B049B3C5EB1C}
		{89397A71-A30A-4112-AC2C-3AC2DCF55F7C} = {96457397-E75F-4D0D-9107-B049B3C5EB1C}
		{3648795C-3DAD-42C3-B5AB-C0667E410867} = {4D713E0E-7143-41BB-995A-CDD10DE7D6A5}
		{4916CC00-6A44-4162-8770-C0AAD4D32D11} = {BA9D24F5-F5FF-4191-B333-1BA77AEEF9BF}
		{A5CDAA08-263B-40B4-BCC2-ACCCD59A63E7} = {5798F4B9-FD62-4C8D-9831-EFFD26193B4B}
		{8FD2E86B-7488-4B7D-88DA-597B37AD190D} = {39A6DBFD-033B-47F3-BEDB-3E1FEFD331FF}
		{190FB47B-DB99-46AE-BA9E-E91EA6BAB194} = {99B757C6-AE5C-4296-A6E9-2FFB538B9B89}
		{7A6C933A-3EEA-48CF-8AF2-631DADF820FA} = {99B757C6-AE5C-4296-A6E9-2FFB538B9B89}
		{2C7143D9-542A-4030-9AC8-E6921B392337} = {99B757C6-AE5C-4296-A6E9-2FFB538B9B89}
		{B2360003-B5E3-434F-940F-F418CB153F13} = {190FB47B-DB99-46AE-BA9E-E91EA6BAB194}
		{930213FA-23DB-4916-9623-936BC2284FC8} = {190FB47B-DB99-46AE-BA9E-E91EA6BAB194}
		{D6701A87-FCD7-46D3-BBE2-69DE6852036E} = {190FB47B-DB99-46AE-BA9E-E91EA6BAB194}
		{2BF84F1F-3570-46D1-A16C-41F2F8CD6855} = {190FB47B-DB99-46AE-BA9E-E91EA6BAB194}
		{DCF7A67A-AE82-4307-A85C-AEF938CD5C24} = {7A6C933A-3EEA-48CF-8AF2-631DADF820FA}
		{51693DB6-98A5-473F-8445-89692B469863} = {7A6C933A-3EEA-48CF-8AF2-631DADF820FA}
		{EE582DD4-CD10-4AA1-A627-886053616EFF} = {7A6C933A-3EEA-48CF-8AF2-631DADF820FA}
		{70D09522-08C0-451B-A9AC-C03F55F9044C} = {B2360003-B5E3-434F-940F-F418CB153F13}
		{E4E3BFA5-2815-4A3E-826D-144FE0CB4BD4} = {B2360003-B5E3-434F-940F-F418CB153F13}
		{F0BE3CD7-5269-46FC-B0BC-8DD360025FF9} = {B2360003-B5E3-434F-940F-F418CB153F13}
		{0918CA5B-7EE5-48EF-86FC-A172CBFF7061} = {930213FA-23DB-4916-9623-936BC2284FC8}
		{AC7B936D-6B58-457E-9FB8-E8C9CE2177E7} = {D6701A87-FCD7-46D3-BBE2-69DE6852036E}
		{0F25AD43-7DD7-4A75-B2AC-86C5D6EE5685} = {D6701A87-FCD7-46D3-BBE2-69DE6852036E}
		{93B6908E-D918-4757-B09D-CB39726A9787} = {D6701A87-FCD7-46D3-BBE2-69DE6852036E}
		{A5CB01B5-5E49-4FE6-BAB7-F287B9175755} = {D6701A87-FCD7-46D3-BBE2-69DE6852036E}
		{3BD426FD-0710-48A4-B6DA-03A7B4A53868} = {2BF84F1F-3570-46D1-A16C-41F2F8CD6855}
		{7F8646C5-A946-481C-A846-A40C0CBBC134} = {2BF84F1F-3570-46D1-A16C-41F2F8CD6855}
		{3D24B348-5795-4A2E-BDF3-D9D4B3D8D05E} = {DCF7A67A-AE82-4307-A85C-AEF938CD5C24}
		{0F55FE6A-C6E4-4AF8-B478-53BD92B71009} = {DCF7A67A-AE82-4307-A85C-AEF938CD5C24}
		{96CDC9C9-2D5F-47D9-9A89-7D3FF3B183B1} = {51693DB6-98A5-473F-8445-89692B469863}
		{EFBEF06A-A672-4F2E-9579-A0AEF5C3C14C} = {51693DB6-98A5-473F-8445-89692B469863}
		{BBAB433F-A65F-4EB0-A3AF-CD0C42A86FC7} = {EE582DD4-CD10-4AA1-A627-886053616EFF}
		{3AE543F7-8C33-4729-9F8A-73FBEEC6A73B} = {EE582DD4-CD10-4AA1-A627-886053616EFF}
		{8BA8EC7D-2D2C-4950-ACD0-A1B0852CBEAF} = {2C7143D9-542A-4030-9AC8-E6921B392337}
		{540F4F51-AFB9-4C25-AC95-F7FE5CA152AB} = {2C7143D9-542A-4030-9AC8-E6921B392337}
		{EE51F7D3-565B-415C-9BA5-61B9414A0698} = {8BA8EC7D-2D2C-4950-ACD0-A1B0852CBEAF}
		{01D4C683-0498-47D0-BF9C-A6C194A3EBF5} = {540F4F51-AFB9-4C25-AC95-F7FE5CA152AB}
		{C49BFBAA-504F-4550-B4B0-2124E62787BD} = {540F4F51-AFB9-4C25-AC95-F7FE5CA152AB}
	EndGlobalSection
EndGlobal
